
Microsoft Visual Studio Solution File, Format Version 12.00
# Visual Studio 2013
VisualStudioVersion = 12.0.30501.0
MinimumVisualStudioVersion = 10.0.40219.1
Project("{2150E333-8FDC-42A3-9474-1A3956D46DE8}") = ".nuget", ".nuget", "{C1880C84-8153-4078-8337-B70E76F4F118}"
	ProjectSection(SolutionItems) = preProject
		.nuget\NuGet.Config = .nuget\NuGet.Config
		.nuget\NuGet.exe = .nuget\NuGet.exe
		.nuget\NuGet.targets = .nuget\NuGet.targets
	EndProjectSection
EndProject
Project("{FAE04EC0-301F-11D3-BF4B-00C04F79EFBC}") = "SafeNuGet", "SafeNuGet\SafeNuGet.csproj", "{50F16DB2-3731-438F-9F4E-C40F1D2BCD4A}"
EndProject
Global
	GlobalSection(SolutionConfigurationPlatforms) = preSolution
		Debug|Any CPU = Debug|Any CPU
		Release|Any CPU = Release|Any CPU
	EndGlobalSection
	GlobalSection(ProjectConfigurationPlatforms) = postSolution
		{50F16DB2-3731-438F-9F4E-C40F1D2BCD4A}.Debug|Any CPU.ActiveCfg = Debug|Any CPU
		{50F16DB2-3731-438F-9F4E-C40F1D2BCD4A}.Debug|Any CPU.Build.0 = Debug|Any CPU
		{50F16DB2-3731-438F-9F4E-C40F1D2BCD4A}.Release|Any CPU.ActiveCfg = Release|Any CPU
		{50F16DB2-3731-438F-9F4E-C40F1D2BCD4A}.Release|Any CPU.Build.0 = Release|Any CPU
	EndGlobalSection
	GlobalSection(SolutionProperties) = preSolution
		HideSolutionNode = FALSE
	EndGlobalSection
EndGlobal
